
Microsoft Visual Studio Solution File, Format Version 12.00
# Visual Studio 15
VisualStudioVersion = 15.0.28307.1401
MinimumVisualStudioVersion = 10.0.40219.1
Project("{FAE04EC0-301F-11D3-BF4B-00C04F79EFBC}") = "CodeFirst", "CodeFirst\CodeFirst.csproj", "{8B3DF071-A0DF-4570-B574-92B6C33C0E1A}"
EndProject
Global
	GlobalSection(SolutionConfigurationPlatforms) = preSolution
		Debug|Any CPU = Debug|Any CPU
		Release|Any CPU = Release|Any CPU
	EndGlobalSection
	GlobalSection(ProjectConfigurationPlatforms) = postSolution
		{8B3DF071-A0DF-4570-B574-92B6C33C0E1A}.Debug|Any CPU.ActiveCfg = Debug|Any CPU
		{8B3DF071-A0DF-4570-B574-92B6C33C0E1A}.Debug|Any CPU.Build.0 = Debug|Any CPU
		{8B3DF071-A0DF-4570-B574-92B6C33C0E1A}.Release|Any CPU.ActiveCfg = Release|Any CPU
		{8B3DF071-A0DF-4570-B574-92B6C33C0E1A}.Release|Any CPU.Build.0 = Release|Any CPU
	EndGlobalSection
	GlobalSection(SolutionProperties) = preSolution
		HideSolutionNode = FALSE
	EndGlobalSection
	GlobalSection(ExtensibilityGlobals) = postSolution
		SolutionGuid = {A0E4FBA2-4C49-49F5-921A-2E193AB3835C}
	EndGlobalSection
EndGlobal
